
Microsoft Visual Studio Solution File, Format Version 12.00
# Visual Studio Version 17
VisualStudioVersion = 17.0.31808.319
MinimumVisualStudioVersion = 10.0.40219.1
Project("{FAE04EC0-301F-11D3-BF4B-00C04F79EFBC}") = "Mini-Max Sum", "Mini-Max Sum\Mini-Max Sum.csproj", "{3B9019FA-FA54-428B-BCB5-186FF6E4BAA5}"
EndProject
Project("{FAE04EC0-301F-11D3-BF4B-00C04F79EFBC}") = "Birthday Cake Candles", "Birthday Cake Candles\Birthday Cake Candles.csproj", "{194DA3A4-4E09-48D2-B5B7-C7F7F0FBE59D}"
EndProject
Project("{FAE04EC0-301F-11D3-BF4B-00C04F79EFBC}") = "Time Conversion", "Time Conversion\Time Conversion.csproj", "{419E1115-8DF4-4121-BE80-5FF8726A706E}"
EndProject
Global
	GlobalSection(SolutionConfigurationPlatforms) = preSolution
		Debug|Any CPU = Debug|Any CPU
		Release|Any CPU = Release|Any CPU
	EndGlobalSection
	GlobalSection(ProjectConfigurationPlatforms) = postSolution
		{3B9019FA-FA54-428B-BCB5-186FF6E4BAA5}.Debug|Any CPU.ActiveCfg = Debug|Any CPU
		{3B9019FA-FA54-428B-BCB5-186FF6E4BAA5}.Debug|Any CPU.Build.0 = Debug|Any CPU
		{3B9019FA-FA54-428B-BCB5-186FF6E4BAA5}.Release|Any CPU.ActiveCfg = Release|Any CPU
		{3B9019FA-FA54-428B-BCB5-186FF6E4BAA5}.Release|Any CPU.Build.0 = Release|Any CPU
		{194DA3A4-4E09-48D2-B5B7-C7F7F0FBE59D}.Debug|Any CPU.ActiveCfg = Debug|Any CPU
		{194DA3A4-4E09-48D2-B5B7-C7F7F0FBE59D}.Debug|Any CPU.Build.0 = Debug|Any CPU
		{194DA3A4-4E09-48D2-B5B7-C7F7F0FBE59D}.Release|Any CPU.ActiveCfg = Release|Any CPU
		{194DA3A4-4E09-48D2-B5B7-C7F7F0FBE59D}.Release|Any CPU.Build.0 = Release|Any CPU
		{419E1115-8DF4-4121-BE80-5FF8726A706E}.Debug|Any CPU.ActiveCfg = Debug|Any CPU
		{419E1115-8DF4-4121-BE80-5FF8726A706E}.Debug|Any CPU.Build.0 = Debug|Any CPU
		{419E1115-8DF4-4121-BE80-5FF8726A706E}.Release|Any CPU.ActiveCfg = Release|Any CPU
		{419E1115-8DF4-4121-BE80-5FF8726A706E}.Release|Any CPU.Build.0 = Release|Any CPU
	EndGlobalSection
	GlobalSection(SolutionProperties) = preSolution
		HideSolutionNode = FALSE
	EndGlobalSection
	GlobalSection(ExtensibilityGlobals) = postSolution
		SolutionGuid = {FF25B682-2002-47E1-9700-CB671EDFF327}
	EndGlobalSection
EndGlobal
